
Microsoft Visual Studio Solution File, Format Version 12.00
# Visual Studio Version 17
VisualStudioVersion = 17.8.34511.84
MinimumVisualStudioVersion = 10.0.40219.1
Project("{FAE04EC0-301F-11D3-BF4B-00C04F79EFBC}") = "UcakBilet", "UcakBilet.csproj", "{2787E0AB-4319-4F44-9B62-58A734BD81B6}"
EndProject
Global
	GlobalSection(SolutionConfigurationPlatforms) = preSolution
		Debug|Any CPU = Debug|Any CPU
		Release|Any CPU = Release|Any CPU
	EndGlobalSection
	GlobalSection(ProjectConfigurationPlatforms) = postSolution
		{2787E0AB-4319-4F44-9B62-58A734BD81B6}.Debug|Any CPU.ActiveCfg = Debug|Any CPU
		{2787E0AB-4319-4F44-9B62-58A734BD81B6}.Debug|Any CPU.Build.0 = Debug|Any CPU
		{2787E0AB-4319-4F44-9B62-58A734BD81B6}.Release|Any CPU.ActiveCfg = Release|Any CPU
		{2787E0AB-4319-4F44-9B62-58A734BD81B6}.Release|Any CPU.Build.0 = Release|Any CPU
	EndGlobalSection
	GlobalSection(SolutionProperties) = preSolution
		HideSolutionNode = FALSE
	EndGlobalSection
	GlobalSection(ExtensibilityGlobals) = postSolution
		SolutionGuid = {464445BD-35CF-436C-A2EC-CAB8035486C0}
	EndGlobalSection
EndGlobal
